
Microsoft Visual Studio Solution File, Format Version 12.00
# Visual Studio 14
VisualStudioVersion = 14.0.24720.0
MinimumVisualStudioVersion = 10.0.40219.1
Project("{FAE04EC0-301F-11D3-BF4B-00C04F79EFBC}") = "CorridorWPF", "CorridorWPF\CorridorWPF.csproj", "{2C3671B3-179A-4B3E-B560-15939CD91A80}"
EndProject
Project("{FAE04EC0-301F-11D3-BF4B-00C04F79EFBC}") = "TestWPF", "TestWPF\TestWPF.csproj", "{5E7AA1AB-37D6-41BE-A658-A173234EC78E}"
EndProject
Global
	GlobalSection(SolutionConfigurationPlatforms) = preSolution
		Debug|Any CPU = Debug|Any CPU
		Release|Any CPU = Release|Any CPU
	EndGlobalSection
	GlobalSection(ProjectConfigurationPlatforms) = postSolution
		{2C3671B3-179A-4B3E-B560-15939CD91A80}.Debug|Any CPU.ActiveCfg = Debug|Any CPU
		{2C3671B3-179A-4B3E-B560-15939CD91A80}.Debug|Any CPU.Build.0 = Debug|Any CPU
		{2C3671B3-179A-4B3E-B560-15939CD91A80}.Release|Any CPU.ActiveCfg = Release|Any CPU
		{2C3671B3-179A-4B3E-B560-15939CD91A80}.Release|Any CPU.Build.0 = Release|Any CPU
		{5E7AA1AB-37D6-41BE-A658-A173234EC78E}.Debug|Any CPU.ActiveCfg = Debug|Any CPU
		{5E7AA1AB-37D6-41BE-A658-A173234EC78E}.Debug|Any CPU.Build.0 = Debug|Any CPU
		{5E7AA1AB-37D6-41BE-A658-A173234EC78E}.Release|Any CPU.ActiveCfg = Release|Any CPU
		{5E7AA1AB-37D6-41BE-A658-A173234EC78E}.Release|Any CPU.Build.0 = Release|Any CPU
	EndGlobalSection
	GlobalSection(SolutionProperties) = preSolution
		HideSolutionNode = FALSE
	EndGlobalSection
EndGlobal
